
Microsoft Visual Studio Solution File, Format Version 12.00
# Visual Studio Version 17
VisualStudioVersion = 17.10.35122.118
MinimumVisualStudioVersion = 10.0.40219.1
Project("{9A19103F-16F7-4668-BE54-9A1E7A4F7556}") = "EFCoreForPostgreSQLAndMongoDB", "EFCoreForPostgreSQLAndMongoDB\EFCoreForPostgreSQLAndMongoDB.csproj", "{D63614CC-1C08-4800-A598-6926B51FF738}"
EndProject
Global
	GlobalSection(SolutionConfigurationPlatforms) = preSolution
		Debug|Any CPU = Debug|Any CPU
		Release|Any CPU = Release|Any CPU
	EndGlobalSection
	GlobalSection(ProjectConfigurationPlatforms) = postSolution
		{D63614CC-1C08-4800-A598-6926B51FF738}.Debug|Any CPU.ActiveCfg = Debug|Any CPU
		{D63614CC-1C08-4800-A598-6926B51FF738}.Debug|Any CPU.Build.0 = Debug|Any CPU
		{D63614CC-1C08-4800-A598-6926B51FF738}.Release|Any CPU.ActiveCfg = Release|Any CPU
		{D63614CC-1C08-4800-A598-6926B51FF738}.Release|Any CPU.Build.0 = Release|Any CPU
	EndGlobalSection
	GlobalSection(SolutionProperties) = preSolution
		HideSolutionNode = FALSE
	EndGlobalSection
	GlobalSection(ExtensibilityGlobals) = postSolution
		SolutionGuid = {4FF131EA-2F29-40EA-892A-F0D3A9B20B67}
	EndGlobalSection
EndGlobal
